
Microsoft Visual Studio Solution File, Format Version 12.00
# Visual Studio Version 16
VisualStudioVersion = 16.0.30128.74
MinimumVisualStudioVersion = 10.0.40219.1
Project("{8BC9CEB8-8B4A-11D0-8D11-00A0C91BC942}") = "class4", "class4.vcxproj", "{B7981961-ED6A-49FB-A564-BA1792BA1407}"
EndProject
Global
	GlobalSection(SolutionConfigurationPlatforms) = preSolution
		Debug|x64 = Debug|x64
		Debug|x86 = Debug|x86
		Release|x64 = Release|x64
		Release|x86 = Release|x86
	EndGlobalSection
	GlobalSection(ProjectConfigurationPlatforms) = postSolution
		{B7981961-ED6A-49FB-A564-BA1792BA1407}.Debug|x64.ActiveCfg = Debug|x64
		{B7981961-ED6A-49FB-A564-BA1792BA1407}.Debug|x64.Build.0 = Debug|x64
		{B7981961-ED6A-49FB-A564-BA1792BA1407}.Debug|x86.ActiveCfg = Debug|Win32
		{B7981961-ED6A-49FB-A564-BA1792BA1407}.Debug|x86.Build.0 = Debug|Win32
		{B7981961-ED6A-49FB-A564-BA1792BA1407}.Release|x64.ActiveCfg = Release|x64
		{B7981961-ED6A-49FB-A564-BA1792BA1407}.Release|x64.Build.0 = Release|x64
		{B7981961-ED6A-49FB-A564-BA1792BA1407}.Release|x86.ActiveCfg = Release|Win32
		{B7981961-ED6A-49FB-A564-BA1792BA1407}.Release|x86.Build.0 = Release|Win32
	EndGlobalSection
	GlobalSection(SolutionProperties) = preSolution
		HideSolutionNode = FALSE
	EndGlobalSection
	GlobalSection(ExtensibilityGlobals) = postSolution
		SolutionGuid = {3EF27A44-2FA9-4A8B-842C-97E98E85BE73}
	EndGlobalSection
EndGlobal
